Microsoft Visual Studio Solution File, Format Version 12.00
# Visual Studio Version 17
VisualStudioVersion = 17.5.2.0
MinimumVisualStudioVersion = 10.0.40219.1
Project("{FAE04EC0-301F-11D3-BF4B-00C04F79EFBC}") = "Authentication_Service", "Authentication_Service.csproj", "{84C15227-D5ED-40B9-7C11-020A34164D14}"
EndProject
Global
	GlobalSection(SolutionConfigurationPlatforms) = preSolution
		Debug|Any CPU = Debug|Any CPU
		Release|Any CPU = Release|Any CPU
	EndGlobalSection
	GlobalSection(ProjectConfigurationPlatforms) = postSolution
		{84C15227-D5ED-40B9-7C11-020A34164D14}.Debug|Any CPU.ActiveCfg = Debug|Any CPU
		{84C15227-D5ED-40B9-7C11-020A34164D14}.Debug|Any CPU.Build.0 = Debug|Any CPU
		{84C15227-D5ED-40B9-7C11-020A34164D14}.Release|Any CPU.ActiveCfg = Release|Any CPU
		{84C15227-D5ED-40B9-7C11-020A34164D14}.Release|Any CPU.Build.0 = Release|Any CPU
	EndGlobalSection
	GlobalSection(SolutionProperties) = preSolution
		HideSolutionNode = FALSE
	EndGlobalSection
	GlobalSection(ExtensibilityGlobals) = postSolution
		SolutionGuid = {00A1C12A-0612-4E1D-BB6F-7D27AD38D0A4}
	EndGlobalSection
EndGlobal
